
Microsoft Visual Studio Solution File, Format Version 12.00
# Visual Studio 15
VisualStudioVersion = 15.0.26124.0
MinimumVisualStudioVersion = 15.0.26124.0
Project("{2150E333-8FDC-42A3-9474-1A3956D46DE8}") = "src", "src", "{EB0298E6-5939-440A-80B0-7877B4CDEED7}"
EndProject
Project("{FAE04EC0-301F-11D3-BF4B-00C04F79EFBC}") = "APIGateway", "src\APIGateway\APIGateway.csproj", "{D52C2FE9-CC0C-4AA9-8746-F5FE4261A703}"
EndProject
Project("{2150E333-8FDC-42A3-9474-1A3956D46DE8}") = "Services", "Services", "{E72106D2-6235-45A4-8500-4C4677B5DDA1}"
EndProject
Project("{2150E333-8FDC-42A3-9474-1A3956D46DE8}") = "Establishments", "Establishments", "{190F261B-55A6-41CC-8DC3-68797971FC05}"
EndProject
Project("{FAE04EC0-301F-11D3-BF4B-00C04F79EFBC}") = "Establishments.API", "src\Services\Establishments\Establishments.API\Establishments.API.csproj", "{8DE0C9A0-7CD9-4A1F-B841-1398A0C773C4}"
EndProject
Project("{FAE04EC0-301F-11D3-BF4B-00C04F79EFBC}") = "Establishments.Tests", "src\Services\Establishments\Establishments.Tests\Establishments.Tests.csproj", "{64448B50-2D81-468B-B247-35E53BDD0045}"
EndProject
Project("{2150E333-8FDC-42A3-9474-1A3956D46DE8}") = "Releases", "Releases", "{E23C0171-16F0-4D37-B16A-3977198DCC0A}"
EndProject
Project("{FAE04EC0-301F-11D3-BF4B-00C04F79EFBC}") = "Releases.API", "src\Services\Releases\Releases.API\Releases.API.csproj", "{A3D41F8B-5943-4691-A573-B11F5F544703}"
EndProject
Project("{FAE04EC0-301F-11D3-BF4B-00C04F79EFBC}") = "Releases.Tests", "src\Services\Releases\Releases.Tests\Releases.Tests.csproj", "{A7D8F2F1-F92E-43A0-96A2-32F7D4F642D2}"
EndProject
Project("{2150E333-8FDC-42A3-9474-1A3956D46DE8}") = "Statements", "Statements", "{8F945E8F-3527-4E87-9EE9-564208127730}"
EndProject
Project("{FAE04EC0-301F-11D3-BF4B-00C04F79EFBC}") = "Statements.API", "src\Services\Statements\Statements.API\Statements.API.csproj", "{5C08EA56-FA5F-45B0-B122-C29A2A9666DB}"
EndProject
Project("{FAE04EC0-301F-11D3-BF4B-00C04F79EFBC}") = "Statements.Tests", "src\Services\Statements\Statements.Tests\Statements.Tests.csproj", "{05A52258-518F-44B1-A51E-4EF03197069C}"
EndProject
Project("{FAE04EC0-301F-11D3-BF4B-00C04F79EFBC}") = "tools", "tools\tools.csproj", "{75A10FB4-31EE-43B8-9A63-B46C86EE2C0A}"
EndProject
Global
	GlobalSection(SolutionConfigurationPlatforms) = preSolution
		Debug|Any CPU = Debug|Any CPU
		Debug|x64 = Debug|x64
		Debug|x86 = Debug|x86
		Release|Any CPU = Release|Any CPU
		Release|x64 = Release|x64
		Release|x86 = Release|x86
	EndGlobalSection
	GlobalSection(SolutionProperties) = preSolution
		HideSolutionNode = FALSE
	EndGlobalSection
	GlobalSection(ProjectConfigurationPlatforms) = postSolution
		{D52C2FE9-CC0C-4AA9-8746-F5FE4261A703}.Debug|Any CPU.ActiveCfg = Debug|Any CPU
		{D52C2FE9-CC0C-4AA9-8746-F5FE4261A703}.Debug|Any CPU.Build.0 = Debug|Any CPU
		{D52C2FE9-CC0C-4AA9-8746-F5FE4261A703}.Debug|x64.ActiveCfg = Debug|Any CPU
		{D52C2FE9-CC0C-4AA9-8746-F5FE4261A703}.Debug|x64.Build.0 = Debug|Any CPU
		{D52C2FE9-CC0C-4AA9-8746-F5FE4261A703}.Debug|x86.ActiveCfg = Debug|Any CPU
		{D52C2FE9-CC0C-4AA9-8746-F5FE4261A703}.Debug|x86.Build.0 = Debug|Any CPU
		{D52C2FE9-CC0C-4AA9-8746-F5FE4261A703}.Release|Any CPU.ActiveCfg = Release|Any CPU
		{D52C2FE9-CC0C-4AA9-8746-F5FE4261A703}.Release|Any CPU.Build.0 = Release|Any CPU
		{D52C2FE9-CC0C-4AA9-8746-F5FE4261A703}.Release|x64.ActiveCfg = Release|Any CPU
		{D52C2FE9-CC0C-4AA9-8746-F5FE4261A703}.Release|x64.Build.0 = Release|Any CPU
		{D52C2FE9-CC0C-4AA9-8746-F5FE4261A703}.Release|x86.ActiveCfg = Release|Any CPU
		{D52C2FE9-CC0C-4AA9-8746-F5FE4261A703}.Release|x86.Build.0 = Release|Any CPU
		{8DE0C9A0-7CD9-4A1F-B841-1398A0C773C4}.Debug|Any CPU.ActiveCfg = Debug|Any CPU
		{8DE0C9A0-7CD9-4A1F-B841-1398A0C773C4}.Debug|Any CPU.Build.0 = Debug|Any CPU
		{8DE0C9A0-7CD9-4A1F-B841-1398A0C773C4}.Debug|x64.ActiveCfg = Debug|Any CPU
		{8DE0C9A0-7CD9-4A1F-B841-1398A0C773C4}.Debug|x64.Build.0 = Debug|Any CPU
		{8DE0C9A0-7CD9-4A1F-B841-1398A0C773C4}.Debug|x86.ActiveCfg = Debug|Any CPU
		{8DE0C9A0-7CD9-4A1F-B841-1398A0C773C4}.Debug|x86.Build.0 = Debug|Any CPU
		{8DE0C9A0-7CD9-4A1F-B841-1398A0C773C4}.Release|Any CPU.ActiveCfg = Release|Any CPU
		{8DE0C9A0-7CD9-4A1F-B841-1398A0C773C4}.Release|Any CPU.Build.0 = Release|Any CPU
		{8DE0C9A0-7CD9-4A1F-B841-1398A0C773C4}.Release|x64.ActiveCfg = Release|Any CPU
		{8DE0C9A0-7CD9-4A1F-B841-1398A0C773C4}.Release|x64.Build.0 = Release|Any CPU
		{8DE0C9A0-7CD9-4A1F-B841-1398A0C773C4}.Release|x86.ActiveCfg = Release|Any CPU
		{8DE0C9A0-7CD9-4A1F-B841-1398A0C773C4}.Release|x86.Build.0 = Release|Any CPU
		{64448B50-2D81-468B-B247-35E53BDD0045}.Debug|Any CPU.ActiveCfg = Debug|Any CPU
		{64448B50-2D81-468B-B247-35E53BDD0045}.Debug|Any CPU.Build.0 = Debug|Any CPU
		{64448B50-2D81-468B-B247-35E53BDD0045}.Debug|x64.ActiveCfg = Debug|Any CPU
		{64448B50-2D81-468B-B247-35E53BDD0045}.Debug|x64.Build.0 = Debug|Any CPU
		{64448B50-2D81-468B-B247-35E53BDD0045}.Debug|x86.ActiveCfg = Debug|Any CPU
		{64448B50-2D81-468B-B247-35E53BDD0045}.Debug|x86.Build.0 = Debug|Any CPU
		{64448B50-2D81-468B-B247-35E53BDD0045}.Release|Any CPU.ActiveCfg = Release|Any CPU
		{64448B50-2D81-468B-B247-35E53BDD0045}.Release|Any CPU.Build.0 = Release|Any CPU
		{64448B50-2D81-468B-B247-35E53BDD0045}.Release|x64.ActiveCfg = Release|Any CPU
		{64448B50-2D81-468B-B247-35E53BDD0045}.Release|x64.Build.0 = Release|Any CPU
		{64448B50-2D81-468B-B247-35E53BDD0045}.Release|x86.ActiveCfg = Release|Any CPU
		{64448B50-2D81-468B-B247-35E53BDD0045}.Release|x86.Build.0 = Release|Any CPU
		{A3D41F8B-5943-4691-A573-B11F5F544703}.Debug|Any CPU.ActiveCfg = Debug|Any CPU
		{A3D41F8B-5943-4691-A573-B11F5F544703}.Debug|Any CPU.Build.0 = Debug|Any CPU
		{A3D41F8B-5943-4691-A573-B11F5F544703}.Debug|x64.ActiveCfg = Debug|Any CPU
		{A3D41F8B-5943-4691-A573-B11F5F544703}.Debug|x64.Build.0 = Debug|Any CPU
		{A3D41F8B-5943-4691-A573-B11F5F544703}.Debug|x86.ActiveCfg = Debug|Any CPU
		{A3D41F8B-5943-4691-A573-B11F5F544703}.Debug|x86.Build.0 = Debug|Any CPU
		{A3D41F8B-5943-4691-A573-B11F5F544703}.Release|Any CPU.ActiveCfg = Release|Any CPU
		{A3D41F8B-5943-4691-A573-B11F5F544703}.Release|Any CPU.Build.0 = Release|Any CPU
		{A3D41F8B-5943-4691-A573-B11F5F544703}.Release|x64.ActiveCfg = Release|Any CPU
		{A3D41F8B-5943-4691-A573-B11F5F544703}.Release|x64.Build.0 = Release|Any CPU
		{A3D41F8B-5943-4691-A573-B11F5F544703}.Release|x86.ActiveCfg = Release|Any CPU
		{A3D41F8B-5943-4691-A573-B11F5F544703}.Release|x86.Build.0 = Release|Any CPU
		{A7D8F2F1-F92E-43A0-96A2-32F7D4F642D2}.Debug|Any CPU.ActiveCfg = Debug|Any CPU
		{A7D8F2F1-F92E-43A0-96A2-32F7D4F642D2}.Debug|Any CPU.Build.0 = Debug|Any CPU
		{A7D8F2F1-F92E-43A0-96A2-32F7D4F642D2}.Debug|x64.ActiveCfg = Debug|Any CPU
		{A7D8F2F1-F92E-43A0-96A2-32F7D4F642D2}.Debug|x64.Build.0 = Debug|Any CPU
		{A7D8F2F1-F92E-43A0-96A2-32F7D4F642D2}.Debug|x86.ActiveCfg = Debug|Any CPU
		{A7D8F2F1-F92E-43A0-96A2-32F7D4F642D2}.Debug|x86.Build.0 = Debug|Any CPU
		{A7D8F2F1-F92E-43A0-96A2-32F7D4F642D2}.Release|Any CPU.ActiveCfg = Release|Any CPU
		{A7D8F2F1-F92E-43A0-96A2-32F7D4F642D2}.Release|Any CPU.Build.0 = Release|Any CPU
		{A7D8F2F1-F92E-43A0-96A2-32F7D4F642D2}.Release|x64.ActiveCfg = Release|Any CPU
		{A7D8F2F1-F92E-43A0-96A2-32F7D4F642D2}.Release|x64.Build.0 = Release|Any CPU
		{A7D8F2F1-F92E-43A0-96A2-32F7D4F642D2}.Release|x86.ActiveCfg = Release|Any CPU
		{A7D8F2F1-F92E-43A0-96A2-32F7D4F642D2}.Release|x86.Build.0 = Release|Any CPU
		{5C08EA56-FA5F-45B0-B122-C29A2A9666DB}.Debug|Any CPU.ActiveCfg = Debug|Any CPU
		{5C08EA56-FA5F-45B0-B122-C29A2A9666DB}.Debug|Any CPU.Build.0 = Debug|Any CPU
		{5C08EA56-FA5F-45B0-B122-C29A2A9666DB}.Debug|x64.ActiveCfg = Debug|Any CPU
		{5C08EA56-FA5F-45B0-B122-C29A2A9666DB}.Debug|x64.Build.0 = Debug|Any CPU
		{5C08EA56-FA5F-45B0-B122-C29A2A9666DB}.Debug|x86.ActiveCfg = Debug|Any CPU
		{5C08EA56-FA5F-45B0-B122-C29A2A9666DB}.Debug|x86.Build.0 = Debug|Any CPU
		{5C08EA56-FA5F-45B0-B122-C29A2A9666DB}.Release|Any CPU.ActiveCfg = Release|Any CPU
		{5C08EA56-FA5F-45B0-B122-C29A2A9666DB}.Release|Any CPU.Build.0 = Release|Any CPU
		{5C08EA56-FA5F-45B0-B122-C29A2A9666DB}.Release|x64.ActiveCfg = Release|Any CPU
		{5C08EA56-FA5F-45B0-B122-C29A2A9666DB}.Release|x64.Build.0 = Release|Any CPU
		{5C08EA56-FA5F-45B0-B122-C29A2A9666DB}.Release|x86.ActiveCfg = Release|Any CPU
		{5C08EA56-FA5F-45B0-B122-C29A2A9666DB}.Release|x86.Build.0 = Release|Any CPU
		{05A52258-518F-44B1-A51E-4EF03197069C}.Debug|Any CPU.ActiveCfg = Debug|Any CPU
		{05A52258-518F-44B1-A51E-4EF03197069C}.Debug|Any CPU.Build.0 = Debug|Any CPU
		{05A52258-518F-44B1-A51E-4EF03197069C}.Debug|x64.ActiveCfg = Debug|Any CPU
		{05A52258-518F-44B1-A51E-4EF03197069C}.Debug|x64.Build.0 = Debug|Any CPU
		{05A52258-518F-44B1-A51E-4EF03197069C}.Debug|x86.ActiveCfg = Debug|Any CPU
		{05A52258-518F-44B1-A51E-4EF03197069C}.Debug|x86.Build.0 = Debug|Any CPU
		{05A52258-518F-44B1-A51E-4EF03197069C}.Release|Any CPU.ActiveCfg = Release|Any CPU
		{05A52258-518F-44B1-A51E-4EF03197069C}.Release|Any CPU.Build.0 = Release|Any CPU
		{05A52258-518F-44B1-A51E-4EF03197069C}.Release|x64.ActiveCfg = Release|Any CPU
		{05A52258-518F-44B1-A51E-4EF03197069C}.Release|x64.Build.0 = Release|Any CPU
		{05A52258-518F-44B1-A51E-4EF03197069C}.Release|x86.ActiveCfg = Release|Any CPU
		{05A52258-518F-44B1-A51E-4EF03197069C}.Release|x86.Build.0 = Release|Any CPU
		{75A10FB4-31EE-43B8-9A63-B46C86EE2C0A}.Debug|Any CPU.ActiveCfg = Debug|Any CPU
		{75A10FB4-31EE-43B8-9A63-B46C86EE2C0A}.Debug|Any CPU.Build.0 = Debug|Any CPU
		{75A10FB4-31EE-43B8-9A63-B46C86EE2C0A}.Debug|x64.ActiveCfg = Debug|Any CPU
		{75A10FB4-31EE-43B8-9A63-B46C86EE2C0A}.Debug|x64.Build.0 = Debug|Any CPU
		{75A10FB4-31EE-43B8-9A63-B46C86EE2C0A}.Debug|x86.ActiveCfg = Debug|Any CPU
		{75A10FB4-31EE-43B8-9A63-B46C86EE2C0A}.Debug|x86.Build.0 = Debug|Any CPU
		{75A10FB4-31EE-43B8-9A63-B46C86EE2C0A}.Release|Any CPU.ActiveCfg = Release|Any CPU
		{75A10FB4-31EE-43B8-9A63-B46C86EE2C0A}.Release|Any CPU.Build.0 = Release|Any CPU
		{75A10FB4-31EE-43B8-9A63-B46C86EE2C0A}.Release|x64.ActiveCfg = Release|Any CPU
		{75A10FB4-31EE-43B8-9A63-B46C86EE2C0A}.Release|x64.Build.0 = Release|Any CPU
		{75A10FB4-31EE-43B8-9A63-B46C86EE2C0A}.Release|x86.ActiveCfg = Release|Any CPU
		{75A10FB4-31EE-43B8-9A63-B46C86EE2C0A}.Release|x86.Build.0 = Release|Any CPU
	EndGlobalSection
	GlobalSection(NestedProjects) = preSolution
		{D52C2FE9-CC0C-4AA9-8746-F5FE4261A703} = {EB0298E6-5939-440A-80B0-7877B4CDEED7}
		{E72106D2-6235-45A4-8500-4C4677B5DDA1} = {EB0298E6-5939-440A-80B0-7877B4CDEED7}
		{190F261B-55A6-41CC-8DC3-68797971FC05} = {E72106D2-6235-45A4-8500-4C4677B5DDA1}
		{8DE0C9A0-7CD9-4A1F-B841-1398A0C773C4} = {190F261B-55A6-41CC-8DC3-68797971FC05}
		{64448B50-2D81-468B-B247-35E53BDD0045} = {190F261B-55A6-41CC-8DC3-68797971FC05}
		{E23C0171-16F0-4D37-B16A-3977198DCC0A} = {E72106D2-6235-45A4-8500-4C4677B5DDA1}
		{A3D41F8B-5943-4691-A573-B11F5F544703} = {E23C0171-16F0-4D37-B16A-3977198DCC0A}
		{A7D8F2F1-F92E-43A0-96A2-32F7D4F642D2} = {E23C0171-16F0-4D37-B16A-3977198DCC0A}
		{8F945E8F-3527-4E87-9EE9-564208127730} = {E72106D2-6235-45A4-8500-4C4677B5DDA1}
		{5C08EA56-FA5F-45B0-B122-C29A2A9666DB} = {8F945E8F-3527-4E87-9EE9-564208127730}
		{05A52258-518F-44B1-A51E-4EF03197069C} = {8F945E8F-3527-4E87-9EE9-564208127730}
	EndGlobalSection
EndGlobal
